// !$*UTF8*$!
{
	archiveVersion = 1;
	classes = {
	};
	objectVersion = 50;
	objects = {

/* Begin PBXBuildFile section */
		7F83613E261EBA0C00A8A79D /* AuthView.swift in Sources */ = {isa = PBXBuildFile; fileRef = 7F83613D261EBA0C00A8A79D /* AuthView.swift */; };
		7F83613F261EBA0C00A8A79D /* AuthView.swift in Sources */ = {isa = PBXBuildFile; fileRef = 7F83613D261EBA0C00A8A79D /* AuthView.swift */; };
		7F8FCB1F262E558900F54717 /* KeychainWrapper.swift in Sources */ = {isa = PBXBuildFile; fileRef = 7F8FCB1E262E558800F54717 /* KeychainWrapper.swift */; };
		7F8FCB20262E558900F54717 /* KeychainWrapper.swift in Sources */ = {isa = PBXBuildFile; fileRef = 7F8FCB1E262E558800F54717 /* KeychainWrapper.swift */; };
		7F8FCB26262E55C300F54717 /* KeychainItemAccessibility.swift in Sources */ = {isa = PBXBuildFile; fileRef = 7F8FCB25262E55C300F54717 /* KeychainItemAccessibility.swift */; };
		7F8FCB27262E55C300F54717 /* KeychainItemAccessibility.swift in Sources */ = {isa = PBXBuildFile; fileRef = 7F8FCB25262E55C300F54717 /* KeychainItemAccessibility.swift */; };
		7F8FCB5A262F927900F54717 /* Account.swift in Sources */ = {isa = PBXBuildFile; fileRef = 7F8FCB58262F927900F54717 /* Account.swift */; };
		7F8FCB5B262F927900F54717 /* Account.swift in Sources */ = {isa = PBXBuildFile; fileRef = 7F8FCB58262F927900F54717 /* Account.swift */; };
		7F8FCB5C262F927900F54717 /* Car.swift in Sources */ = {isa = PBXBuildFile; fileRef = 7F8FCB59262F927900F54717 /* Car.swift */; };
		7F8FCB5D262F927900F54717 /* Car.swift in Sources */ = {isa = PBXBuildFile; fileRef = 7F8FCB59262F927900F54717 /* Car.swift */; };
		7FAC7518261CEC00009E2C72 /* Tests_iOS.swift in Sources */ = {isa = PBXBuildFile; fileRef = 7FAC7517261CEC00009E2C72 /* Tests_iOS.swift */; };
		7FAC7523261CEC00009E2C72 /* Tests_macOS.swift in Sources */ = {isa = PBXBuildFile; fileRef = 7FAC7522261CEC00009E2C72 /* Tests_macOS.swift */; };
		7FAC7525261CEC00009E2C72 /* Lotus.xcdatamodeld in Sources */ = {isa = PBXBuildFile; fileRef = 7FAC74F9261CEBFE009E2C72 /* Lotus.xcdatamodeld */; };
		7FAC7526261CEC00009E2C72 /* Lotus.xcdatamodeld in Sources */ = {isa = PBXBuildFile; fileRef = 7FAC74F9261CEBFE009E2C72 /* Lotus.xcdatamodeld */; };
		7FAC7527261CEC00009E2C72 /* LotusApp.swift in Sources */ = {isa = PBXBuildFile; fileRef = 7FAC74FB261CEBFE009E2C72 /* LotusApp.swift */; };
		7FAC7528261CEC00009E2C72 /* LotusApp.swift in Sources */ = {isa = PBXBuildFile; fileRef = 7FAC74FB261CEBFE009E2C72 /* LotusApp.swift */; };
		7FAC752B261CEC00009E2C72 /* Persistence.swift in Sources */ = {isa = PBXBuildFile; fileRef = 7FAC74FD261CEBFE009E2C72 /* Persistence.swift */; };
		7FAC752C261CEC00009E2C72 /* Persistence.swift in Sources */ = {isa = PBXBuildFile; fileRef = 7FAC74FD261CEBFE009E2C72 /* Persistence.swift */; };
		7FAC752D261CEC00009E2C72 /* Assets.xcassets in Resources */ = {isa = PBXBuildFile; fileRef = 7FAC74FE261CEC00009E2C72 /* Assets.xcassets */; };
		7FAC752E261CEC00009E2C72 /* Assets.xcassets in Resources */ = {isa = PBXBuildFile; fileRef = 7FAC74FE261CEC00009E2C72 /* Assets.xcassets */; };
		7FAC7542261CFD02009E2C72 /* AuthManager.swift in Sources */ = {isa = PBXBuildFile; fileRef = 7FAC7541261CFD02009E2C72 /* AuthManager.swift */; };
		7FAC7543261CFD02009E2C72 /* AuthManager.swift in Sources */ = {isa = PBXBuildFile; fileRef = 7FAC7541261CFD02009E2C72 /* AuthManager.swift */; };
		7FAC7549261D0AB1009E2C72 /* TaskManager.swift in Sources */ = {isa = PBXBuildFile; fileRef = 7FAC7548261D0AB1009E2C72 /* TaskManager.swift */; };
		7FAC754A261D0AB1009E2C72 /* TaskManager.swift in Sources */ = {isa = PBXBuildFile; fileRef = 7FAC7548261D0AB1009E2C72 /* TaskManager.swift */; };
		7FAC7564261E5BBD009E2C72 /* ControlsView.swift in Sources */ = {isa = PBXBuildFile; fileRef = 7FAC7563261E5BBD009E2C72 /* ControlsView.swift */; };
		7FAC7565261E5BBD009E2C72 /* ControlsView.swift in Sources */ = {isa = PBXBuildFile; fileRef = 7FAC7563261E5BBD009E2C72 /* ControlsView.swift */; };
		7FAC756B261EB26B009E2C72 /* MainView.swift in Sources */ = {isa = PBXBuildFile; fileRef = 7FAC756A261EB26B009E2C72 /* MainView.swift */; };
		7FAC756C261EB26B009E2C72 /* MainView.swift in Sources */ = {isa = PBXBuildFile; fileRef = 7FAC756A261EB26B009E2C72 /* MainView.swift */; };
/* End PBXBuildFile section */

/* Begin PBXContainerItemProxy section */
		7FAC7514261CEC00009E2C72 /* PBXContainerItemProxy */ = {
			isa = PBXContainerItemProxy;
			containerPortal = 7FAC74F4261CEBFE009E2C72 /* Project object */;
			proxyType = 1;
			remoteGlobalIDString = 7FAC7502261CEC00009E2C72;
			remoteInfo = "Lotus (iOS)";
		};
		7FAC751F261CEC00009E2C72 /* PBXContainerItemProxy */ = {
			isa = PBXContainerItemProxy;
			containerPortal = 7FAC74F4261CEBFE009E2C72 /* Project object */;
			proxyType = 1;
			remoteGlobalIDString = 7FAC750A261CEC00009E2C72;
			remoteInfo = "Lotus (macOS)";
		};
/* End PBXContainerItemProxy section */

/* Begin PBXFileReference section */
		7F83613D261EBA0C00A8A79D /* AuthView.swift */ = {isa = PBXFileReference; lastKnownFileType = sourcecode.swift; path = AuthView.swift; sourceTree = "<group>"; };
		7F8FCB1E262E558800F54717 /* KeychainWrapper.swift */ = {isa = PBXFileReference; lastKnownFileType = sourcecode.swift; path = KeychainWrapper.swift; sourceTree = "<group>"; };
		7F8FCB25262E55C300F54717 /* KeychainItemAccessibility.swift */ = {isa = PBXFileReference; lastKnownFileType = sourcecode.swift; path = KeychainItemAccessibility.swift; sourceTree = "<group>"; };
		7F8FCB58262F927900F54717 /* Account.swift */ = {isa = PBXFileReference; fileEncoding = 4; lastKnownFileType = sourcecode.swift; path = Account.swift; sourceTree = "<group>"; };
		7F8FCB59262F927900F54717 /* Car.swift */ = {isa = PBXFileReference; fileEncoding = 4; lastKnownFileType = sourcecode.swift; path = Car.swift; sourceTree = "<group>"; };
		7FAC74FA261CEBFE009E2C72 /* Shared.xcdatamodel */ = {isa = PBXFileReference; lastKnownFileType = wrapper.xcdatamodel; path = Shared.xcdatamodel; sourceTree = "<group>"; };
		7FAC74FB261CEBFE009E2C72 /* LotusApp.swift */ = {isa = PBXFileReference; lastKnownFileType = sourcecode.swift; path = LotusApp.swift; sourceTree = "<group>"; };
		7FAC74FD261CEBFE009E2C72 /* Persistence.swift */ = {isa = PBXFileReference; lastKnownFileType = sourcecode.swift; path = Persistence.swift; sourceTree = "<group>"; };
		7FAC74FE261CEC00009E2C72 /* Assets.xcassets */ = {isa = PBXFileReference; lastKnownFileType = folder.assetcatalog; path = Assets.xcassets; sourceTree = "<group>"; };
		7FAC7503261CEC00009E2C72 /* Lotus.app */ = {isa = PBXFileReference; explicitFileType = wrapper.application; includeInIndex = 0; path = Lotus.app; sourceTree = BUILT_PRODUCTS_DIR; };
		7FAC7506261CEC00009E2C72 /* Info.plist */ = {isa = PBXFileReference; lastKnownFileType = text.plist.xml; path = Info.plist; sourceTree = "<group>"; };
		7FAC750B261CEC00009E2C72 /* Lotus.app */ = {isa = PBXFileReference; explicitFileType = wrapper.application; includeInIndex = 0; path = Lotus.app; sourceTree = BUILT_PRODUCTS_DIR; };
		7FAC750D261CEC00009E2C72 /* Info.plist */ = {isa = PBXFileReference; lastKnownFileType = text.plist.xml; path = Info.plist; sourceTree = "<group>"; };
		7FAC750E261CEC00009E2C72 /* macOS.entitlements */ = {isa = PBXFileReference; lastKnownFileType = text.plist.entitlements; path = macOS.entitlements; sourceTree = "<group>"; };
		7FAC7513261CEC00009E2C72 /* Tests iOS.xctest */ = {isa = PBXFileReference; explicitFileType = wrapper.cfbundle; includeInIndex = 0; path = "Tests iOS.xctest"; sourceTree = BUILT_PRODUCTS_DIR; };
		7FAC7517261CEC00009E2C72 /* Tests_iOS.swift */ = {isa = PBXFileReference; lastKnownFileType = sourcecode.swift; path = Tests_iOS.swift; sourceTree = "<group>"; };
		7FAC7519261CEC00009E2C72 /* Info.plist */ = {isa = PBXFileReference; lastKnownFileType = text.plist.xml; path = Info.plist; sourceTree = "<group>"; };
		7FAC751E261CEC00009E2C72 /* Tests macOS.xctest */ = {isa = PBXFileReference; explicitFileType = wrapper.cfbundle; includeInIndex = 0; path = "Tests macOS.xctest"; sourceTree = BUILT_PRODUCTS_DIR; };
		7FAC7522261CEC00009E2C72 /* Tests_macOS.swift */ = {isa = PBXFileReference; lastKnownFileType = sourcecode.swift; path = Tests_macOS.swift; sourceTree = "<group>"; };
		7FAC7524261CEC00009E2C72 /* Info.plist */ = {isa = PBXFileReference; lastKnownFileType = text.plist.xml; path = Info.plist; sourceTree = "<group>"; };
		7FAC7541261CFD02009E2C72 /* AuthManager.swift */ = {isa = PBXFileReference; lastKnownFileType = sourcecode.swift; path = AuthManager.swift; sourceTree = "<group>"; };
		7FAC7548261D0AB1009E2C72 /* TaskManager.swift */ = {isa = PBXFileReference; fileEncoding = 4; lastKnownFileType = sourcecode.swift; path = TaskManager.swift; sourceTree = "<group>"; };
		7FAC7563261E5BBD009E2C72 /* ControlsView.swift */ = {isa = PBXFileReference; lastKnownFileType = sourcecode.swift; path = ControlsView.swift; sourceTree = "<group>"; };
		7FAC756A261EB26B009E2C72 /* MainView.swift */ = {isa = PBXFileReference; lastKnownFileType = sourcecode.swift; path = MainView.swift; sourceTree = "<group>"; };
/* End PBXFileReference section */

/* Begin PBXFrameworksBuildPhase section */
		7FAC7500261CEC00009E2C72 /* Frameworks */ = {
			isa = PBXFrameworksBuildPhase;
			buildActionMask = 2147483647;
			files = (
			);
			runOnlyForDeploymentPostprocessing = 0;
		};
		7FAC7508261CEC00009E2C72 /* Frameworks */ = {
			isa = PBXFrameworksBuildPhase;
			buildActionMask = 2147483647;
			files = (
			);
			runOnlyForDeploymentPostprocessing = 0;
		};
		7FAC7510261CEC00009E2C72 /* Frameworks */ = {
			isa = PBXFrameworksBuildPhase;
			buildActionMask = 2147483647;
			files = (
			);
			runOnlyForDeploymentPostprocessing = 0;
		};
		7FAC751B261CEC00009E2C72 /* Frameworks */ = {
			isa = PBXFrameworksBuildPhase;
			buildActionMask = 2147483647;
			files = (
			);
			runOnlyForDeploymentPostprocessing = 0;
		};
/* End PBXFrameworksBuildPhase section */

/* Begin PBXGroup section */
		7F70BA96261EB619007FEC5E /* Views */ = {
			isa = PBXGroup;
			children = (
				7FAC756A261EB26B009E2C72 /* MainView.swift */,
				7FAC7563261E5BBD009E2C72 /* ControlsView.swift */,
				7F83613D261EBA0C00A8A79D /* AuthView.swift */,
			);
			path = Views;
			sourceTree = "<group>";
		};
		7F836151261EBBC700A8A79D /* Model */ = {
			isa = PBXGroup;
			children = (
				7F8FCB58262F927900F54717 /* Account.swift */,
				7F8FCB59262F927900F54717 /* Car.swift */,
				7FAC7548261D0AB1009E2C72 /* TaskManager.swift */,
				7FAC7541261CFD02009E2C72 /* AuthManager.swift */,
			);
			path = Model;
			sourceTree = "<group>";
		};
		7FAC74F3261CEBFE009E2C72 = {
			isa = PBXGroup;
			children = (
				7FAC74F8261CEBFE009E2C72 /* Shared */,
				7FAC7505261CEC00009E2C72 /* iOS */,
				7FAC750C261CEC00009E2C72 /* macOS */,
				7FAC7516261CEC00009E2C72 /* Tests iOS */,
				7FAC7521261CEC00009E2C72 /* Tests macOS */,
				7FAC7504261CEC00009E2C72 /* Products */,
			);
			sourceTree = "<group>";
		};
		7FAC74F8261CEBFE009E2C72 /* Shared */ = {
			isa = PBXGroup;
			children = (
				7F836151261EBBC700A8A79D /* Model */,
				7F70BA96261EB619007FEC5E /* Views */,
				7FAC74FB261CEBFE009E2C72 /* LotusApp.swift */,
				7FAC74FD261CEBFE009E2C72 /* Persistence.swift */,
				7FAC74FE261CEC00009E2C72 /* Assets.xcassets */,
				7FAC74F9261CEBFE009E2C72 /* Lotus.xcdatamodeld */,
				7F8FCB1E262E558800F54717 /* KeychainWrapper.swift */,
				7F8FCB25262E55C300F54717 /* KeychainItemAccessibility.swift */,
			);
			path = Shared;
			sourceTree = "<group>";
		};
		7FAC7504261CEC00009E2C72 /* Products */ = {
			isa = PBXGroup;
			children = (
				7FAC7503261CEC00009E2C72 /* Lotus.app */,
				7FAC750B261CEC00009E2C72 /* Lotus.app */,
				7FAC7513261CEC00009E2C72 /* Tests iOS.xctest */,
				7FAC751E261CEC00009E2C72 /* Tests macOS.xctest */,
			);
			name = Products;
			sourceTree = "<group>";
		};
		7FAC7505261CEC00009E2C72 /* iOS */ = {
			isa = PBXGroup;
			children = (
				7FAC7506261CEC00009E2C72 /* Info.plist */,
			);
			path = iOS;
			sourceTree = "<group>";
		};
		7FAC750C261CEC00009E2C72 /* macOS */ = {
			isa = PBXGroup;
			children = (
				7FAC750D261CEC00009E2C72 /* Info.plist */,
				7FAC750E261CEC00009E2C72 /* macOS.entitlements */,
			);
			path = macOS;
			sourceTree = "<group>";
		};
		7FAC7516261CEC00009E2C72 /* Tests iOS */ = {
			isa = PBXGroup;
			children = (
				7FAC7517261CEC00009E2C72 /* Tests_iOS.swift */,
				7FAC7519261CEC00009E2C72 /* Info.plist */,
			);
			path = "Tests iOS";
			sourceTree = "<group>";
		};
		7FAC7521261CEC00009E2C72 /* Tests macOS */ = {
			isa = PBXGroup;
			children = (
				7FAC7522261CEC00009E2C72 /* Tests_macOS.swift */,
				7FAC7524261CEC00009E2C72 /* Info.plist */,
			);
			path = "Tests macOS";
			sourceTree = "<group>";
		};
/* End PBXGroup section */

/* Begin PBXNativeTarget section */
		7FAC7502261CEC00009E2C72 /* Lotus (iOS) */ = {
			isa = PBXNativeTarget;
			buildConfigurationList = 7FAC7531261CEC00009E2C72 /* Build configuration list for PBXNativeTarget "Lotus (iOS)" */;
			buildPhases = (
				7FAC74FF261CEC00009E2C72 /* Sources */,
				7FAC7500261CEC00009E2C72 /* Frameworks */,
				7FAC7501261CEC00009E2C72 /* Resources */,
			);
			buildRules = (
			);
			dependencies = (
			);
			name = "Lotus (iOS)";
			productName = "Lotus (iOS)";
			productReference = 7FAC7503261CEC00009E2C72 /* Lotus.app */;
			productType = "com.apple.product-type.application";
		};
		7FAC750A261CEC00009E2C72 /* Lotus (macOS) */ = {
			isa = PBXNativeTarget;
			buildConfigurationList = 7FAC7534261CEC00009E2C72 /* Build configuration list for PBXNativeTarget "Lotus (macOS)" */;
			buildPhases = (
				7FAC7507261CEC00009E2C72 /* Sources */,
				7FAC7508261CEC00009E2C72 /* Frameworks */,
				7FAC7509261CEC00009E2C72 /* Resources */,
			);
			buildRules = (
			);
			dependencies = (
			);
			name = "Lotus (macOS)";
			productName = "Lotus (macOS)";
			productReference = 7FAC750B261CEC00009E2C72 /* Lotus.app */;
			productType = "com.apple.product-type.application";
		};
		7FAC7512261CEC00009E2C72 /* Tests iOS */ = {
			isa = PBXNativeTarget;
			buildConfigurationList = 7FAC7537261CEC00009E2C72 /* Build configuration list for PBXNativeTarget "Tests iOS" */;
			buildPhases = (
				7FAC750F261CEC00009E2C72 /* Sources */,
				7FAC7510261CEC00009E2C72 /* Frameworks */,
				7FAC7511261CEC00009E2C72 /* Resources */,
			);
			buildRules = (
			);
			dependencies = (
				7FAC7515261CEC00009E2C72 /* PBXTargetDependency */,
			);
			name = "Tests iOS";
			productName = "Tests iOS";
			productReference = 7FAC7513261CEC00009E2C72 /* Tests iOS.xctest */;
			productType = "com.apple.product-type.bundle.ui-testing";
		};
		7FAC751D261CEC00009E2C72 /* Tests macOS */ = {
			isa = PBXNativeTarget;
			buildConfigurationList = 7FAC753A261CEC00009E2C72 /* Build configuration list for PBXNativeTarget "Tests macOS" */;
			buildPhases = (
				7FAC751A261CEC00009E2C72 /* Sources */,
				7FAC751B261CEC00009E2C72 /* Frameworks */,
				7FAC751C261CEC00009E2C72 /* Resources */,
			);
			buildRules = (
			);
			dependencies = (
				7FAC7520261CEC00009E2C72 /* PBXTargetDependency */,
			);
			name = "Tests macOS";
			productName = "Tests macOS";
			productReference = 7FAC751E261CEC00009E2C72 /* Tests macOS.xctest */;
			productType = "com.apple.product-type.bundle.ui-testing";
		};
/* End PBXNativeTarget section */

/* Begin PBXProject section */
		7FAC74F4261CEBFE009E2C72 /* Project object */ = {
			isa = PBXProject;
			attributes = {
				LastSwiftUpdateCheck = 1240;
				LastUpgradeCheck = 1240;
				TargetAttributes = {
					7FAC7502261CEC00009E2C72 = {
						CreatedOnToolsVersion = 12.4;
					};
					7FAC750A261CEC00009E2C72 = {
						CreatedOnToolsVersion = 12.4;
					};
					7FAC7512261CEC00009E2C72 = {
						CreatedOnToolsVersion = 12.4;
						TestTargetID = 7FAC7502261CEC00009E2C72;
					};
					7FAC751D261CEC00009E2C72 = {
						CreatedOnToolsVersion = 12.4;
						TestTargetID = 7FAC750A261CEC00009E2C72;
					};
				};
			};
			buildConfigurationList = 7FAC74F7261CEBFE009E2C72 /* Build configuration list for PBXProject "Lotus" */;
			compatibilityVersion = "Xcode 9.3";
			developmentRegion = en;
			hasScannedForEncodings = 0;
			knownRegions = (
				en,
				Base,
			);
			mainGroup = 7FAC74F3261CEBFE009E2C72;
			productRefGroup = 7FAC7504261CEC00009E2C72 /* Products */;
			projectDirPath = "";
			projectRoot = "";
			targets = (
				7FAC7502261CEC00009E2C72 /* Lotus (iOS) */,
				7FAC750A261CEC00009E2C72 /* Lotus (macOS) */,
				7FAC7512261CEC00009E2C72 /* Tests iOS */,
				7FAC751D261CEC00009E2C72 /* Tests macOS */,
			);
		};
/* End PBXProject section */

/* Begin PBXResourcesBuildPhase section */
		7FAC7501261CEC00009E2C72 /* Resources */ = {
			isa = PBXResourcesBuildPhase;
			buildActionMask = 2147483647;
			files = (
				7FAC752D261CEC00009E2C72 /* Assets.xcassets in Resources */,
			);
			runOnlyForDeploymentPostprocessing = 0;
		};
		7FAC7509261CEC00009E2C72 /* Resources */ = {
			isa = PBXResourcesBuildPhase;
			buildActionMask = 2147483647;
			files = (
				7FAC752E261CEC00009E2C72 /* Assets.xcassets in Resources */,
			);
			runOnlyForDeploymentPostprocessing = 0;
		};
		7FAC7511261CEC00009E2C72 /* Resources */ = {
			isa = PBXResourcesBuildPhase;
			buildActionMask = 2147483647;
			files = (
			);
			runOnlyForDeploymentPostprocessing = 0;
		};
		7FAC751C261CEC00009E2C72 /* Resources */ = {
			isa = PBXResourcesBuildPhase;
			buildActionMask = 2147483647;
			files = (
			);
			runOnlyForDeploymentPostprocessing = 0;
		};
/* End PBXResourcesBuildPhase section */

/* Begin PBXSourcesBuildPhase section */
		7FAC74FF261CEC00009E2C72 /* Sources */ = {
			isa = PBXSourcesBuildPhase;
			buildActionMask = 2147483647;
			files = (
				7F8FCB1F262E558900F54717 /* KeychainWrapper.swift in Sources */,
				7F8FCB5A262F927900F54717 /* Account.swift in Sources */,
				7F8FCB5C262F927900F54717 /* Car.swift in Sources */,
				7FAC7549261D0AB1009E2C72 /* TaskManager.swift in Sources */,
				7FAC756B261EB26B009E2C72 /* MainView.swift in Sources */,
				7F8FCB26262E55C300F54717 /* KeychainItemAccessibility.swift in Sources */,
				7FAC7525261CEC00009E2C72 /* Lotus.xcdatamodeld in Sources */,
				7FAC752B261CEC00009E2C72 /* Persistence.swift in Sources */,
				7FAC7564261E5BBD009E2C72 /* ControlsView.swift in Sources */,
				7F83613E261EBA0C00A8A79D /* AuthView.swift in Sources */,
				7FAC7527261CEC00009E2C72 /* LotusApp.swift in Sources */,
				7FAC7542261CFD02009E2C72 /* AuthManager.swift in Sources */,
			);
			runOnlyForDeploymentPostprocessing = 0;
		};
		7FAC7507261CEC00009E2C72 /* Sources */ = {
			isa = PBXSourcesBuildPhase;
			buildActionMask = 2147483647;
			files = (
				7F8FCB20262E558900F54717 /* KeychainWrapper.swift in Sources */,
				7F8FCB5B262F927900F54717 /* Account.swift in Sources */,
				7F8FCB5D262F927900F54717 /* Car.swift in Sources */,
				7FAC754A261D0AB1009E2C72 /* TaskManager.swift in Sources */,
				7FAC756C261EB26B009E2C72 /* MainView.swift in Sources */,
				7F8FCB27262E55C300F54717 /* KeychainItemAccessibility.swift in Sources */,
				7FAC7526261CEC00009E2C72 /* Lotus.xcdatamodeld in Sources */,
				7FAC752C261CEC00009E2C72 /* Persistence.swift in Sources */,
				7FAC7565261E5BBD009E2C72 /* ControlsView.swift in Sources */,
				7F83613F261EBA0C00A8A79D /* AuthView.swift in Sources */,
				7FAC7528261CEC00009E2C72 /* LotusApp.swift in Sources */,
				7FAC7543261CFD02009E2C72 /* AuthManager.swift in Sources */,
			);
			runOnlyForDeploymentPostprocessing = 0;
		};
		7FAC750F261CEC00009E2C72 /* Sources */ = {
			isa = PBXSourcesBuildPhase;
			buildActionMask = 2147483647;
			files = (
				7FAC7518261CEC00009E2C72 /* Tests_iOS.swift in Sources */,
			);
			runOnlyForDeploymentPostprocessing = 0;
		};
		7FAC751A261CEC00009E2C72 /* Sources */ = {
			isa = PBXSourcesBuildPhase;
			buildActionMask = 2147483647;
			files = (
				7FAC7523261CEC00009E2C72 /* Tests_macOS.swift in Sources */,
			);
			runOnlyForDeploymentPostprocessing = 0;
		};
/* End PBXSourcesBuildPhase section */

/* Begin PBXTargetDependency section */
		7FAC7515261CEC00009E2C72 /* PBXTargetDependency */ = {
			isa = PBXTargetDependency;
			target = 7FAC7502261CEC00009E2C72 /* Lotus (iOS) */;
			targetProxy = 7FAC7514261CEC00009E2C72 /* PBXContainerItemProxy */;
		};
		7FAC7520261CEC00009E2C72 /* PBXTargetDependency */ = {
			isa = PBXTargetDependency;
			target = 7FAC750A261CEC00009E2C72 /* Lotus (macOS) */;
			targetProxy = 7FAC751F261CEC00009E2C72 /* PBXContainerItemProxy */;
		};
/* End PBXTargetDependency section */

/* Begin XCBuildConfiguration section */
		7FAC752F261CEC00009E2C72 /* Debug */ = {
			isa = XCBuildConfiguration;
			buildSettings = {
				ALWAYS_SEARCH_USER_PATHS = NO;
				CLANG_ANALYZER_NONNULL = YES;
				CLANG_ANALYZER_NUMBER_OBJECT_CONVERSION = YES_AGGRESSIVE;
				CLANG_CXX_LANGUAGE_STANDARD = "gnu++14";
				CLANG_CXX_LIBRARY = "libc++";
				CLANG_ENABLE_MODULES = YES;
				CLANG_ENABLE_OBJC_ARC = YES;
				CLANG_ENABLE_OBJC_WEAK = YES;
				CLANG_WARN_BLOCK_CAPTURE_AUTORELEASING = YES;
				CLANG_WARN_BOOL_CONVERSION = YES;
				CLANG_WARN_COMMA = YES;
				CLANG_WARN_CONSTANT_CONVERSION = YES;
				CLANG_WARN_DEPRECATED_OBJC_IMPLEMENTATIONS = YES;
				CLANG_WARN_DIRECT_OBJC_ISA_USAGE = YES_ERROR;
				CLANG_WARN_DOCUMENTATION_COMMENTS = YES;
				CLANG_WARN_EMPTY_BODY = YES;
				CLANG_WARN_ENUM_CONVERSION = YES;
				CLANG_WARN_INFINITE_RECURSION = YES;
				CLANG_WARN_INT_CONVERSION = YES;
				CLANG_WARN_NON_LITERAL_NULL_CONVERSION = YES;
				CLANG_WARN_OBJC_IMPLICIT_RETAIN_SELF = YES;
				CLANG_WARN_OBJC_LITERAL_CONVERSION = YES;
				CLANG_WARN_OBJC_ROOT_CLASS = YES_ERROR;
				CLANG_WARN_QUOTED_INCLUDE_IN_FRAMEWORK_HEADER = YES;
				CLANG_WARN_RANGE_LOOP_ANALYSIS = YES;
				CLANG_WARN_STRICT_PROTOTYPES = YES;
				CLANG_WARN_SUSPICIOUS_MOVE = YES;
				CLANG_WARN_UNGUARDED_AVAILABILITY = YES_AGGRESSIVE;
				CLANG_WARN_UNREACHABLE_CODE = YES;
				CLANG_WARN__DUPLICATE_METHOD_MATCH = YES;
				COPY_PHASE_STRIP = NO;
				DEBUG_INFORMATION_FORMAT = dwarf;
				DEVELOPMENT_TEAM = 3P358M7S8S;
				ENABLE_STRICT_OBJC_MSGSEND = YES;
				ENABLE_TESTABILITY = YES;
				GCC_C_LANGUAGE_STANDARD = gnu11;
				GCC_DYNAMIC_NO_PIC = NO;
				GCC_NO_COMMON_BLOCKS = YES;
				GCC_OPTIMIZATION_LEVEL = 0;
				GCC_PREPROCESSOR_DEFINITIONS = (
					"DEBUG=1",
					"$(inherited)",
				);
				GCC_WARN_64_TO_32_BIT_CONVERSION = YES;
				GCC_WARN_ABOUT_RETURN_TYPE = YES_ERROR;
				GCC_WARN_UNDECLARED_SELECTOR = YES;
				GCC_WARN_UNINITIALIZED_AUTOS = YES_AGGRESSIVE;
				GCC_WARN_UNUSED_FUNCTION = YES;
				GCC_WARN_UNUSED_VARIABLE = YES;
				MTL_ENABLE_DEBUG_INFO = INCLUDE_SOURCE;
				MTL_FAST_MATH = YES;
				ONLY_ACTIVE_ARCH = YES;
				SWIFT_ACTIVE_COMPILATION_CONDITIONS = DEBUG;
				SWIFT_OPTIMIZATION_LEVEL = "-Onone";
			};
			name = Debug;
		};
		7FAC7530261CEC00009E2C72 /* Release */ = {
			isa = XCBuildConfiguration;
			buildSettings = {
				ALWAYS_SEARCH_USER_PATHS = NO;
				CLANG_ANALYZER_NONNULL = YES;
				CLANG_ANALYZER_NUMBER_OBJECT_CONVERSION = YES_AGGRESSIVE;
				CLANG_CXX_LANGUAGE_STANDARD = "gnu++14";
				CLANG_CXX_LIBRARY = "libc++";
				CLANG_ENABLE_MODULES = YES;
				CLANG_ENABLE_OBJC_ARC = YES;
				CLANG_ENABLE_OBJC_WEAK = YES;
				CLANG_WARN_BLOCK_CAPTURE_AUTORELEASING = YES;
				CLANG_WARN_BOOL_CONVERSION = YES;
				CLANG_WARN_COMMA = YES;
				CLANG_WARN_CONSTANT_CONVERSION = YES;
				CLANG_WARN_DEPRECATED_OBJC_IMPLEMENTATIONS = YES;
				CLANG_WARN_DIRECT_OBJC_ISA_USAGE = YES_ERROR;
				CLANG_WARN_DOCUMENTATION_COMMENTS = YES;
				CLANG_WARN_EMPTY_BODY = YES;
				CLANG_WARN_ENUM_CONVERSION = YES;
				CLANG_WARN_INFINITE_RECURSION = YES;
				CLANG_WARN_INT_CONVERSION = YES;
				CLANG_WARN_NON_LITERAL_NULL_CONVERSION = YES;
				CLANG_WARN_OBJC_IMPLICIT_RETAIN_SELF = YES;
				CLANG_WARN_OBJC_LITERAL_CONVERSION = YES;
				CLANG_WARN_OBJC_ROOT_CLASS = YES_ERROR;
				CLANG_WARN_QUOTED_INCLUDE_IN_FRAMEWORK_HEADER = YES;
				CLANG_WARN_RANGE_LOOP_ANALYSIS = YES;
				CLANG_WARN_STRICT_PROTOTYPES = YES;
				CLANG_WARN_SUSPICIOUS_MOVE = YES;
				CLANG_WARN_UNGUARDED_AVAILABILITY = YES_AGGRESSIVE;
				CLANG_WARN_UNREACHABLE_CODE = YES;
				CLANG_WARN__DUPLICATE_METHOD_MATCH = YES;
				COPY_PHASE_STRIP = NO;
				DEBUG_INFORMATION_FORMAT = "dwarf-with-dsym";
				DEVELOPMENT_TEAM = 3P358M7S8S;
				ENABLE_NS_ASSERTIONS = NO;
				ENABLE_STRICT_OBJC_MSGSEND = YES;
				GCC_C_LANGUAGE_STANDARD = gnu11;
				GCC_NO_COMMON_BLOCKS = YES;
				GCC_WARN_64_TO_32_BIT_CONVERSION = YES;
				GCC_WARN_ABOUT_RETURN_TYPE = YES_ERROR;
				GCC_WARN_UNDECLARED_SELECTOR = YES;
				GCC_WARN_UNINITIALIZED_AUTOS = YES_AGGRESSIVE;
				GCC_WARN_UNUSED_FUNCTION = YES;
				GCC_WARN_UNUSED_VARIABLE = YES;
				MTL_ENABLE_DEBUG_INFO = NO;
				MTL_FAST_MATH = YES;
				SWIFT_COMPILATION_MODE = wholemodule;
				SWIFT_OPTIMIZATION_LEVEL = "-O";
			};
			name = Release;
		};
		7FAC7532261CEC00009E2C72 /* Debug */ = {
			isa = XCBuildConfiguration;
			buildSettings = {
				ASSETCATALOG_COMPILER_APPICON_NAME = AppIcon;
				ASSETCATALOG_COMPILER_GLOBAL_ACCENT_COLOR_NAME = AccentColor;
				CODE_SIGN_STYLE = Automatic;
				ENABLE_PREVIEWS = YES;
				INFOPLIST_FILE = iOS/Info.plist;
				IPHONEOS_DEPLOYMENT_TARGET = 14.0;
				LD_RUNPATH_SEARCH_PATHS = (
					"$(inherited)",
					"@executable_path/Frameworks",
				);
				PRODUCT_BUNDLE_IDENTIFIER = com.Project.Lotus;
				PRODUCT_NAME = Lotus;
				SDKROOT = iphoneos;
				SWIFT_VERSION = 5.0;
				TARGETED_DEVICE_FAMILY = "1,2";
			};
			name = Debug;
		};
		7FAC7533261CEC00009E2C72 /* Release */ = {
			isa = XCBuildConfiguration;
			buildSettings = {
				ASSETCATALOG_COMPILER_APPICON_NAME = AppIcon;
				ASSETCATALOG_COMPILER_GLOBAL_ACCENT_COLOR_NAME = AccentColor;
				CODE_SIGN_STYLE = Automatic;
				ENABLE_PREVIEWS = YES;
				INFOPLIST_FILE = iOS/Info.plist;
				IPHONEOS_DEPLOYMENT_TARGET = 14.0;
				LD_RUNPATH_SEARCH_PATHS = (
					"$(inherited)",
					"@executable_path/Frameworks",
				);
				PRODUCT_BUNDLE_IDENTIFIER = com.Project.Lotus;
				PRODUCT_NAME = Lotus;
				SDKROOT = iphoneos;
				SWIFT_VERSION = 5.0;
				TARGETED_DEVICE_FAMILY = "1,2";
				VALIDATE_PRODUCT = YES;
			};
			name = Release;
		};
		7FAC7535261CEC00009E2C72 /* Debug */ = {
			isa = XCBuildConfiguration;
			buildSettings = {
				ASSETCATALOG_COMPILER_APPICON_NAME = AppIcon;
				ASSETCATALOG_COMPILER_GLOBAL_ACCENT_COLOR_NAME = AccentColor;
				CODE_SIGN_ENTITLEMENTS = macOS/macOS.entitlements;
				CODE_SIGN_STYLE = Automatic;
				COMBINE_HIDPI_IMAGES = YES;
				ENABLE_PREVIEWS = YES;
				INFOPLIST_FILE = macOS/Info.plist;
				LD_RUNPATH_SEARCH_PATHS = (
					"$(inherited)",
					"@executable_path/../Frameworks",
				);
				MACOSX_DEPLOYMENT_TARGET = 11.0;
				PRODUCT_BUNDLE_IDENTIFIER = com.Project.Lotus;
				PRODUCT_NAME = Lotus;
				SDKROOT = macosx;
				SWIFT_VERSION = 5.0;
			};
			name = Debug;
		};
		7FAC7536261CEC00009E2C72 /* Release */ = {
			isa = XCBuildConfiguration;
			buildSettings = {
				ASSETCATALOG_COMPILER_APPICON_NAME = AppIcon;
				ASSETCATALOG_COMPILER_GLOBAL_ACCENT_COLOR_NAME = AccentColor;
				CODE_SIGN_ENTITLEMENTS = macOS/macOS.entitlements;
				CODE_SIGN_STYLE = Automatic;
				COMBINE_HIDPI_IMAGES = YES;
				ENABLE_PREVIEWS = YES;
				INFOPLIST_FILE = macOS/Info.plist;
				LD_RUNPATH_SEARCH_PATHS = (
					"$(inherited)",
					"@executable_path/../Frameworks",
				);
				MACOSX_DEPLOYMENT_TARGET = 11.0;
				PRODUCT_BUNDLE_IDENTIFIER = com.Project.Lotus;
				PRODUCT_NAME = Lotus;
				SDKROOT = macosx;
				SWIFT_VERSION = 5.0;
			};
			name = Release;
		};
		7FAC7538261CEC00009E2C72 /* Debug */ = {
			isa = XCBuildConfiguration;
			buildSettings = {
				ALWAYS_EMBED_SWIFT_STANDARD_LIBRARIES = YES;
				CODE_SIGN_STYLE = Automatic;
				INFOPLIST_FILE = "Tests iOS/Info.plist";
				IPHONEOS_DEPLOYMENT_TARGET = 14.4;
				LD_RUNPATH_SEARCH_PATHS = (
					"$(inherited)",
					"@executable_path/Frameworks",
					"@loader_path/Frameworks",
				);
				PRODUCT_BUNDLE_IDENTIFIER = "com.Project.Tests-iOS";
				PRODUCT_NAME = "$(TARGET_NAME)";
				SDKROOT = iphoneos;
				SWIFT_VERSION = 5.0;
				TARGETED_DEVICE_FAMILY = "1,2";
				TEST_TARGET_NAME = "Lotus (iOS)";
			};
			name = Debug;
		};
		7FAC7539261CEC00009E2C72 /* Release */ = {
			isa = XCBuildConfiguration;
			buildSettings = {
				ALWAYS_EMBED_SWIFT_STANDARD_LIBRARIES = YES;
				CODE_SIGN_STYLE = Automatic;
				INFOPLIST_FILE = "Tests iOS/Info.plist";
				IPHONEOS_DEPLOYMENT_TARGET = 14.4;
				LD_RUNPATH_SEARCH_PATHS = (
					"$(inherited)",
					"@executable_path/Frameworks",
					"@loader_path/Frameworks",
				);
				PRODUCT_BUNDLE_IDENTIFIER = "com.Project.Tests-iOS";
				PRODUCT_NAME = "$(TARGET_NAME)";
				SDKROOT = iphoneos;
				SWIFT_VERSION = 5.0;
				TARGETED_DEVICE_FAMILY = "1,2";
				TEST_TARGET_NAME = "Lotus (iOS)";
				VALIDATE_PRODUCT = YES;
			};
			name = Release;
		};
		7FAC753B261CEC00009E2C72 /* Debug */ = {
			isa = XCBuildConfiguration;
			buildSettings = {
				ALWAYS_EMBED_SWIFT_STANDARD_LIBRARIES = YES;
				CODE_SIGN_STYLE = Automatic;
				COMBINE_HIDPI_IMAGES = YES;
				INFOPLIST_FILE = "Tests macOS/Info.plist";
				LD_RUNPATH_SEARCH_PATHS = (
					"$(inherited)",
					"@executable_path/../Frameworks",
					"@loader_path/../Frameworks",
				);
				MACOSX_DEPLOYMENT_TARGET = 11.1;
				PRODUCT_BUNDLE_IDENTIFIER = "com.Project.Tests-macOS";
				PRODUCT_NAME = "$(TARGET_NAME)";
				SDKROOT = macosx;
				SWIFT_VERSION = 5.0;
				TEST_TARGET_NAME = "Lotus (macOS)";
			};
			name = Debug;
		};
		7FAC753C261CEC00009E2C72 /* Release */ = {
			isa = XCBuildConfiguration;
			buildSettings = {
				ALWAYS_EMBED_SWIFT_STANDARD_LIBRARIES = YES;
				CODE_SIGN_STYLE = Automatic;
				COMBINE_HIDPI_IMAGES = YES;
				INFOPLIST_FILE = "Tests macOS/Info.plist";
				LD_RUNPATH_SEARCH_PATHS = (
					"$(inherited)",
					"@executable_path/../Frameworks",
					"@loader_path/../Frameworks",
				);
				MACOSX_DEPLOYMENT_TARGET = 11.1;
				PRODUCT_BUNDLE_IDENTIFIER = "com.Project.Tests-macOS";
				PRODUCT_NAME = "$(TARGET_NAME)";
				SDKROOT = macosx;
				SWIFT_VERSION = 5.0;
				TEST_TARGET_NAME = "Lotus (macOS)";
			};
			name = Release;
		};
/* End XCBuildConfiguration section */

/* Begin XCConfigurationList section */
		7FAC74F7261CEBFE009E2C72 /* Build configuration list for PBXProject "Lotus" */ = {
			isa = XCConfigurationList;
			buildConfigurations = (
				7FAC752F261CEC00009E2C72 /* Debug */,
				7FAC7530261CEC00009E2C72 /* Release */,
			);
			defaultConfigurationIsVisible = 0;
			defaultConfigurationName = Release;
		};
		7FAC7531261CEC00009E2C72 /* Build configuration list for PBXNativeTarget "Lotus (iOS)" */ = {
			isa = XCConfigurationList;
			buildConfigurations = (
				7FAC7532261CEC00009E2C72 /* Debug */,
				7FAC7533261CEC00009E2C72 /* Release */,
			);
			defaultConfigurationIsVisible = 0;
			defaultConfigurationName = Release;
		};
		7FAC7534261CEC00009E2C72 /* Build configuration list for PBXNativeTarget "Lotus (macOS)" */ = {
			isa = XCConfigurationList;
			buildConfigurations = (
				7FAC7535261CEC00009E2C72 /* Debug */,
				7FAC7536261CEC00009E2C72 /* Release */,
			);
			defaultConfigurationIsVisible = 0;
			defaultConfigurationName = Release;
		};
		7FAC7537261CEC00009E2C72 /* Build configuration list for PBXNativeTarget "Tests iOS" */ = {
			isa = XCConfigurationList;
			buildConfigurations = (
				7FAC7538261CEC00009E2C72 /* Debug */,
				7FAC7539261CEC00009E2C72 /* Release */,
			);
			defaultConfigurationIsVisible = 0;
			defaultConfigurationName = Release;
		};
		7FAC753A261CEC00009E2C72 /* Build configuration list for PBXNativeTarget "Tests macOS" */ = {
			isa = XCConfigurationList;
			buildConfigurations = (
				7FAC753B261CEC00009E2C72 /* Debug */,
				7FAC753C261CEC00009E2C72 /* Release */,
			);
			defaultConfigurationIsVisible = 0;
			defaultConfigurationName = Release;
		};
/* End XCConfigurationList section */

/* Begin XCVersionGroup section */
		7FAC74F9261CEBFE009E2C72 /* Lotus.xcdatamodeld */ = {
			isa = XCVersionGroup;
			children = (
				7FAC74FA261CEBFE009E2C72 /* Shared.xcdatamodel */,
			);
			currentVersion = 7FAC74FA261CEBFE009E2C72 /* Shared.xcdatamodel */;
			path = Lotus.xcdatamodeld;
			sourceTree = "<group>";
			versionGroupType = wrapper.xcdatamodel;
		};
/* End XCVersionGroup section */
	};
	rootObject = 7FAC74F4261CEBFE009E2C72 /* Project object */;
}
